{
  "name": "dongxing-miniprogram",
  "version": "0.2.0",
  "lockfileVersion": 3,
  "requires": true,
  "packages": {
    "": {
      "name": "dongxing-miniprogram",
      "version": "0.2.0",
      "dependencies": {
        "@dongxing/shared": "file:../../packages/shared",
        "@vant/weapp": "^1.11.7"
      }
    },
    "node_modules/@dongxing/shared": {
      "version": "0.1.0",
      "resolved": "file:../../packages/shared"
    },
    "node_modules/@vant/weapp": {
      "version": "1.11.7",
      "resolved": "https://registry.npmjs.org/@vant/weapp/-/weapp-1.11.7.tgz",
      "integrity": "sha512-Rwn9BBnb4kHSV4XmvBicwtd42J+amEUfnFDcXJsGNPNX4a9c/DoT6YLsm4X1wB2+sQbdiQsbFBLAvGRBxCkD8g=="
    }
  }
}
